{
  "name": "stream-throttle-sjs",
  "version": "0.5.0",
  "lockfileVersion": 1,
  "requires": true,
  "dependencies": {
    "commander": {
      "version": "2.20.0",
      "resolved": "https://registry.npmjs.org/commander/-/commander-2.20.0.tgz",
      "integrity": "sha512-7j2y+40w61zy6YC2iRNpUe/NwhNyoXrYpHMrSunaMG64nRnaf96zO/KMQR4OyN/UnE5KLyEBnKHd4aG3rskjpQ=="
    },
    "limiter": {
      "version": "1.1.4",
      "resolved": "https://registry.npmjs.org/limiter/-/limiter-1.1.4.tgz",
      "integrity": "sha512-XCpr5bElgDI65vVgstP8TWjv6/QKWm9GU5UG0Pr5sLQ3QLo8NVKsioe+Jed5/3vFOe3IQuqE7DKwTvKQkjTHvg=="
    },
    "sourcemap": {
      "version": "0.1.0",
      "resolved": "https://registry.npmjs.org/sourcemap/-/sourcemap-0.1.0.tgz",
      "integrity": "sha1-GpexFBNt1Z0GCqu/HM0f2PSaSqQ="
    },
    "stream-throttle": {
      "version": "0.1.3",
      "resolved": "https://registry.npmjs.org/stream-throttle/-/stream-throttle-0.1.3.tgz",
      "integrity": "sha1-rdV8jXzHOoFjDTHNVdOWHPr7qcM=",
      "requires": {
        "commander": "^2.2.0",
        "limiter": "^1.0.5"
      }
    }
  }
}
